
Microsoft Visual Studio Solution File, Format Version 12.00
# Visual Studio 15
VisualStudioVersion = 15.0.26124.0
MinimumVisualStudioVersion = 15.0.26124.0
Project("{FAE04EC0-301F-11D3-BF4B-00C04F79EFBC}") = "searchfight", "src\searchfight.csproj", "{B4E5A7FF-0D9E-47F9-9763-47A1DDAD157B}"
EndProject
Project("{FAE04EC0-301F-11D3-BF4B-00C04F79EFBC}") = "test", "test\test.csproj", "{36157F2C-EE0C-4990-8EC1-AACCCCF4AF8D}"
EndProject
Global
	GlobalSection(SolutionConfigurationPlatforms) = preSolution
		Debug|Any CPU = Debug|Any CPU
		Debug|x64 = Debug|x64
		Debug|x86 = Debug|x86
		Release|Any CPU = Release|Any CPU
		Release|x64 = Release|x64
		Release|x86 = Release|x86
	EndGlobalSection
	GlobalSection(SolutionProperties) = preSolution
		HideSolutionNode = FALSE
	EndGlobalSection
	GlobalSection(ProjectConfigurationPlatforms) = postSolution
		{B4E5A7FF-0D9E-47F9-9763-47A1DDAD157B}.Debug|Any CPU.ActiveCfg = Debug|Any CPU
		{B4E5A7FF-0D9E-47F9-9763-47A1DDAD157B}.Debug|Any CPU.Build.0 = Debug|Any CPU
		{B4E5A7FF-0D9E-47F9-9763-47A1DDAD157B}.Debug|x64.ActiveCfg = Debug|x64
		{B4E5A7FF-0D9E-47F9-9763-47A1DDAD157B}.Debug|x64.Build.0 = Debug|x64
		{B4E5A7FF-0D9E-47F9-9763-47A1DDAD157B}.Debug|x86.ActiveCfg = Debug|x86
		{B4E5A7FF-0D9E-47F9-9763-47A1DDAD157B}.Debug|x86.Build.0 = Debug|x86
		{B4E5A7FF-0D9E-47F9-9763-47A1DDAD157B}.Release|Any CPU.ActiveCfg = Release|Any CPU
		{B4E5A7FF-0D9E-47F9-9763-47A1DDAD157B}.Release|Any CPU.Build.0 = Release|Any CPU
		{B4E5A7FF-0D9E-47F9-9763-47A1DDAD157B}.Release|x64.ActiveCfg = Release|x64
		{B4E5A7FF-0D9E-47F9-9763-47A1DDAD157B}.Release|x64.Build.0 = Release|x64
		{B4E5A7FF-0D9E-47F9-9763-47A1DDAD157B}.Release|x86.ActiveCfg = Release|x86
		{B4E5A7FF-0D9E-47F9-9763-47A1DDAD157B}.Release|x86.Build.0 = Release|x86
		{36157F2C-EE0C-4990-8EC1-AACCCCF4AF8D}.Debug|Any CPU.ActiveCfg = Debug|Any CPU
		{36157F2C-EE0C-4990-8EC1-AACCCCF4AF8D}.Debug|Any CPU.Build.0 = Debug|Any CPU
		{36157F2C-EE0C-4990-8EC1-AACCCCF4AF8D}.Debug|x64.ActiveCfg = Debug|x64
		{36157F2C-EE0C-4990-8EC1-AACCCCF4AF8D}.Debug|x64.Build.0 = Debug|x64
		{36157F2C-EE0C-4990-8EC1-AACCCCF4AF8D}.Debug|x86.ActiveCfg = Debug|x86
		{36157F2C-EE0C-4990-8EC1-AACCCCF4AF8D}.Debug|x86.Build.0 = Debug|x86
		{36157F2C-EE0C-4990-8EC1-AACCCCF4AF8D}.Release|Any CPU.ActiveCfg = Release|Any CPU
		{36157F2C-EE0C-4990-8EC1-AACCCCF4AF8D}.Release|Any CPU.Build.0 = Release|Any CPU
		{36157F2C-EE0C-4990-8EC1-AACCCCF4AF8D}.Release|x64.ActiveCfg = Release|x64
		{36157F2C-EE0C-4990-8EC1-AACCCCF4AF8D}.Release|x64.Build.0 = Release|x64
		{36157F2C-EE0C-4990-8EC1-AACCCCF4AF8D}.Release|x86.ActiveCfg = Release|x86
		{36157F2C-EE0C-4990-8EC1-AACCCCF4AF8D}.Release|x86.Build.0 = Release|x86
	EndGlobalSection
EndGlobal
